
Microsoft Visual Studio Solution File, Format Version 12.00
# Visual Studio Version 17
VisualStudioVersion = 17.5.002.0
MinimumVisualStudioVersion = 10.0.40219.1
Project("{9A19103F-16F7-4668-BE54-9A1E7A4F7556}") = "DesafioFundamentos", "DesafioFundamentos\DesafioFundamentos.csproj", "{5CB47ECC-9CF4-4691-91C4-28A223CF3252}"
EndProject
Global
	GlobalSection(SolutionConfigurationPlatforms) = preSolution
		Debug|Any CPU = Debug|Any CPU
		Release|Any CPU = Release|Any CPU
	EndGlobalSection
	GlobalSection(ProjectConfigurationPlatforms) = postSolution
		{5CB47ECC-9CF4-4691-91C4-28A223CF3252}.Debug|Any CPU.ActiveCfg = Debug|Any CPU
		{5CB47ECC-9CF4-4691-91C4-28A223CF3252}.Debug|Any CPU.Build.0 = Debug|Any CPU
		{5CB47ECC-9CF4-4691-91C4-28A223CF3252}.Release|Any CPU.ActiveCfg = Release|Any CPU
		{5CB47ECC-9CF4-4691-91C4-28A223CF3252}.Release|Any CPU.Build.0 = Release|Any CPU
	EndGlobalSection
	GlobalSection(SolutionProperties) = preSolution
		HideSolutionNode = FALSE
	EndGlobalSection
	GlobalSection(ExtensibilityGlobals) = postSolution
		SolutionGuid = {F2CBCDF9-D58A-48AC-8972-D38EA40B6CAF}
	EndGlobalSection
EndGlobal
