
Microsoft Visual Studio Solution File, Format Version 12.00
# Visual Studio Version 17
VisualStudioVersion = 17.5.002.0
MinimumVisualStudioVersion = 10.0.40219.1
Project("{9A19103F-16F7-4668-BE54-9A1E7A4F7556}") = "DesafioFundamentos", "DesafioFundamentos\DesafioFundamentos.csproj", "{20453DF4-EA91-444C-9282-8FF10503CBD1}"
EndProject
Global
	GlobalSection(SolutionConfigurationPlatforms) = preSolution
		Debug|Any CPU = Debug|Any CPU
		Release|Any CPU = Release|Any CPU
	EndGlobalSection
	GlobalSection(ProjectConfigurationPlatforms) = postSolution
		{20453DF4-EA91-444C-9282-8FF10503CBD1}.Debug|Any CPU.ActiveCfg = Debug|Any CPU
		{20453DF4-EA91-444C-9282-8FF10503CBD1}.Debug|Any CPU.Build.0 = Debug|Any CPU
		{20453DF4-EA91-444C-9282-8FF10503CBD1}.Release|Any CPU.ActiveCfg = Release|Any CPU
		{20453DF4-EA91-444C-9282-8FF10503CBD1}.Release|Any CPU.Build.0 = Release|Any CPU
	EndGlobalSection
	GlobalSection(SolutionProperties) = preSolution
		HideSolutionNode = FALSE
	EndGlobalSection
	GlobalSection(ExtensibilityGlobals) = postSolution
		SolutionGuid = {31C1F246-9C23-41F7-A961-9F8B2B635F2C}
	EndGlobalSection
EndGlobal
