
Microsoft Visual Studio Solution File, Format Version 12.00
# Visual Studio Version 17
VisualStudioVersion = 17.10.35013.160
MinimumVisualStudioVersion = 10.0.40219.1
Project("{FAE04EC0-301F-11D3-BF4B-00C04F79EFBC}") = "trilha-net-fundamentos-desafio", "trilha-net-fundamentos-desafio.csproj", "{837CFDBC-345E-42BC-B214-AEF6ABDEBE65}"
EndProject
Global
	GlobalSection(SolutionConfigurationPlatforms) = preSolution
		Debug|Any CPU = Debug|Any CPU
		Release|Any CPU = Release|Any CPU
	EndGlobalSection
	GlobalSection(ProjectConfigurationPlatforms) = postSolution
		{837CFDBC-345E-42BC-B214-AEF6ABDEBE65}.Debug|Any CPU.ActiveCfg = Debug|Any CPU
		{837CFDBC-345E-42BC-B214-AEF6ABDEBE65}.Debug|Any CPU.Build.0 = Debug|Any CPU
		{837CFDBC-345E-42BC-B214-AEF6ABDEBE65}.Release|Any CPU.ActiveCfg = Release|Any CPU
		{837CFDBC-345E-42BC-B214-AEF6ABDEBE65}.Release|Any CPU.Build.0 = Release|Any CPU
	EndGlobalSection
	GlobalSection(SolutionProperties) = preSolution
		HideSolutionNode = FALSE
	EndGlobalSection
	GlobalSection(ExtensibilityGlobals) = postSolution
		SolutionGuid = {E8378302-6DB9-491E-A42B-36B9FB76387D}
	EndGlobalSection
EndGlobal
