
Microsoft Visual Studio Solution File, Format Version 12.00
# Visual Studio Version 17
VisualStudioVersion = 17.11.35312.102
MinimumVisualStudioVersion = 10.0.40219.1
Project("{9A19103F-16F7-4668-BE54-9A1E7A4F7556}") = "DesafioFundamentos", "DesafioFundamentos.csproj", "{0F20BF5A-5144-4075-B6E5-BFCF8A3DAB51}"
EndProject
Global
	GlobalSection(SolutionConfigurationPlatforms) = preSolution
		Debug|Any CPU = Debug|Any CPU
		Release|Any CPU = Release|Any CPU
	EndGlobalSection
	GlobalSection(ProjectConfigurationPlatforms) = postSolution
		{0F20BF5A-5144-4075-B6E5-BFCF8A3DAB51}.Debug|Any CPU.ActiveCfg = Debug|Any CPU
		{0F20BF5A-5144-4075-B6E5-BFCF8A3DAB51}.Debug|Any CPU.Build.0 = Debug|Any CPU
		{0F20BF5A-5144-4075-B6E5-BFCF8A3DAB51}.Release|Any CPU.ActiveCfg = Release|Any CPU
		{0F20BF5A-5144-4075-B6E5-BFCF8A3DAB51}.Release|Any CPU.Build.0 = Release|Any CPU
	EndGlobalSection
	GlobalSection(SolutionProperties) = preSolution
		HideSolutionNode = FALSE
	EndGlobalSection
	GlobalSection(ExtensibilityGlobals) = postSolution
		SolutionGuid = {516E5C5A-CAB6-454E-A2F0-C6A594278B03}
	EndGlobalSection
EndGlobal
